
Microsoft Visual Studio Solution File, Format Version 12.00
Project("{FAE04EC0-301F-11D3-BF4B-00C04F79EFBC}") = "MedinaCSharpLearing", "MedinaCSharpLearing\MedinaCSharpLearing.csproj", "{EA80306D-E45A-48AE-B8E7-1F75F40C517C}"
EndProject
Global
	GlobalSection(SolutionConfigurationPlatforms) = preSolution
		Debug|Any CPU = Debug|Any CPU
		Release|Any CPU = Release|Any CPU
	EndGlobalSection
	GlobalSection(ProjectConfigurationPlatforms) = postSolution
		{EA80306D-E45A-48AE-B8E7-1F75F40C517C}.Debug|Any CPU.ActiveCfg = Debug|Any CPU
		{EA80306D-E45A-48AE-B8E7-1F75F40C517C}.Debug|Any CPU.Build.0 = Debug|Any CPU
		{EA80306D-E45A-48AE-B8E7-1F75F40C517C}.Release|Any CPU.ActiveCfg = Release|Any CPU
		{EA80306D-E45A-48AE-B8E7-1F75F40C517C}.Release|Any CPU.Build.0 = Release|Any CPU
	EndGlobalSection
EndGlobal
